
Microsoft Visual Studio Solution File, Format Version 12.00
# Visual Studio Version 16
VisualStudioVersion = 16.0.30011.22
MinimumVisualStudioVersion = 10.0.40219.1
Project("{888888A0-9F3D-457C-B088-3A5042F75D52}") = "pawapro", "pawapro\pawapro.pyproj", "{A88E652A-950F-420C-8424-FAB1A54FAD06}"
EndProject
Project("{888888A0-9F3D-457C-B088-3A5042F75D52}") = "Pitching_Analyzer", "Pitching_Analyzer\Pitching_Analyzer.pyproj", "{B809E0D3-5F2E-4B49-B761-7DB6654266F8}"
EndProject
Global
	GlobalSection(SolutionConfigurationPlatforms) = preSolution
		Debug|Any CPU = Debug|Any CPU
		Release|Any CPU = Release|Any CPU
	EndGlobalSection
	GlobalSection(ProjectConfigurationPlatforms) = postSolution
		{A88E652A-950F-420C-8424-FAB1A54FAD06}.Debug|Any CPU.ActiveCfg = Debug|Any CPU
		{A88E652A-950F-420C-8424-FAB1A54FAD06}.Release|Any CPU.ActiveCfg = Release|Any CPU
		{B809E0D3-5F2E-4B49-B761-7DB6654266F8}.Debug|Any CPU.ActiveCfg = Debug|Any CPU
		{B809E0D3-5F2E-4B49-B761-7DB6654266F8}.Release|Any CPU.ActiveCfg = Release|Any CPU
	EndGlobalSection
	GlobalSection(SolutionProperties) = preSolution
		HideSolutionNode = FALSE
	EndGlobalSection
	GlobalSection(ExtensibilityGlobals) = postSolution
		SolutionGuid = {C79C727B-A72D-482B-B76D-F8ABEDE1F19B}
	EndGlobalSection
EndGlobal
